// !$*UTF8*$!
{
	archiveVersion = 1;
	classes = {
	};
	objectVersion = 54;
	objects = {

/* Begin PBXBuildFile section */
		058557BB273AAA24004C7B11 /* Assets.xcassets in Resources */ = {isa = PBXBuildFile; fileRef = 058557BA273AAA24004C7B11 /* Assets.xcassets */; };
		058557D9273AAEEB004C7B11 /* Preview Assets.xcassets in Resources */ = {isa = PBXBuildFile; fileRef = 058557D8273AAEEB004C7B11 /* Preview Assets.xcassets */; };
		1B505ACB80BBAF629DB10835 /* Pods_iosApp.framework in Frameworks */ = {isa = PBXBuildFile; fileRef = DB41C600D667F78D81C79792 /* Pods_iosApp.framework */; };
		1E20A19B2DBD608B006C121F /* ToKotlinByteArray.swift in Sources */ = {isa = PBXBuildFile; fileRef = 1E20A19A2DBD6075006C121F /* ToKotlinByteArray.swift */; };
		1E20A19E2DBE6B37006C121F /* CreatePostView.swift in Sources */ = {isa = PBXBuildFile; fileRef = 1E20A19D2DBE6B31006C121F /* CreatePostView.swift */; };
		1E20A1A02DBE6B40006C121F /* CreatePostViewModel.swift in Sources */ = {isa = PBXBuildFile; fileRef = 1E20A19F2DBE6B3F006C121F /* CreatePostViewModel.swift */; };
		1E20A1A42DC0278C006C121F /* RootView.swift in Sources */ = {isa = PBXBuildFile; fileRef = 1E20A1A32DC0277D006C121F /* RootView.swift */; };
		1E457A302DA1D9BE0001A07A /* PostImage.swift in Sources */ = {isa = PBXBuildFile; fileRef = 1E457A2F2DA1D9BA0001A07A /* PostImage.swift */; };
		1E457A322DA2ADAD0001A07A /* ProfileImage.swift in Sources */ = {isa = PBXBuildFile; fileRef = 1E457A312DA2ADAB0001A07A /* ProfileImage.swift */; };
		1E457A352DA2C2390001A07A /* ProfileView.swift in Sources */ = {isa = PBXBuildFile; fileRef = 1E457A342DA2C2300001A07A /* ProfileView.swift */; };
		1E457A372DA2C23E0001A07A /* !!OwnProfileViewModel.swift in Sources */ = {isa = PBXBuildFile; fileRef = 1E457A362DA2C23C0001A07A /* !!OwnProfileViewModel.swift */; };
		1E457A392DA5D12A0001A07A /* ProfileTabView.swift in Sources */ = {isa = PBXBuildFile; fileRef = 1E457A382DA5D1270001A07A /* ProfileTabView.swift */; };
		1E457A3B2DA5D1D00001A07A /* HomeTabView.swift in Sources */ = {isa = PBXBuildFile; fileRef = 1E457A3A2DA5D1CE0001A07A /* HomeTabView.swift */; };
		1E457A3D2DAAA8010001A07A /* PagingManager.swift in Sources */ = {isa = PBXBuildFile; fileRef = 1E457A3C2DAAA8000001A07A /* PagingManager.swift */; };
		1E457A3F2DAAAC7A0001A07A /* Constants.swift in Sources */ = {isa = PBXBuildFile; fileRef = 1E457A3E2DAAAC750001A07A /* Constants.swift */; };
		1E457A432DAADA2A0001A07A /* UserPostsViewModel.swift in Sources */ = {isa = PBXBuildFile; fileRef = 1E457A422DAADA200001A07A /* UserPostsViewModel.swift */; };
		1E8A9CD92D92074B007E71A8 /* LoginViewModel.swift in Sources */ = {isa = PBXBuildFile; fileRef = 1E8A9CD82D920749007E71A8 /* LoginViewModel.swift */; };
		1E8A9CDC2D921E29007E71A8 /* LoginView.swift in Sources */ = {isa = PBXBuildFile; fileRef = 1E8A9CDB2D921E27007E71A8 /* LoginView.swift */; };
		1EB23BAB2D93209C008BD149 /* MockSignInUseCase.swift in Sources */ = {isa = PBXBuildFile; fileRef = 1EB23BAA2D932096008BD149 /* MockSignInUseCase.swift */; };
		1EB23BAE2D932D57008BD149 /* HomeScreen.swift in Sources */ = {isa = PBXBuildFile; fileRef = 1EB23BAD2D932D56008BD149 /* HomeScreen.swift */; };
		1EB36C012DB17613003AA20A /* UserProfileViewModel.swift in Sources */ = {isa = PBXBuildFile; fileRef = 1EB36C002DB1760D003AA20A /* UserProfileViewModel.swift */; };
		1EB36C072DB446BB003AA20A /* EditProfileView.swift in Sources */ = {isa = PBXBuildFile; fileRef = 1EB36C062DB446BA003AA20A /* EditProfileView.swift */; };
		1EB36C0B2DB45395003AA20A /* EditProfileViewModel.swift in Sources */ = {isa = PBXBuildFile; fileRef = 1EB36C0A2DB45393003AA20A /* EditProfileViewModel.swift */; };
		1EB36C0D2DB5176F003AA20A /* HideKeyboardOnTap.swift in Sources */ = {isa = PBXBuildFile; fileRef = 1EB36C0C2DB51768003AA20A /* HideKeyboardOnTap.swift */; };
		1EBA999C2D99E31C00357DC2 /* PostsViewModel.swift in Sources */ = {isa = PBXBuildFile; fileRef = 1EBA999B2D99E31500357DC2 /* PostsViewModel.swift */; };
		1EBA999E2D9C7B1900357DC2 /* PostHeaderView.swift in Sources */ = {isa = PBXBuildFile; fileRef = 1EBA999D2D9C7B0F00357DC2 /* PostHeaderView.swift */; };
		1EBA99A02D9C7E6400357DC2 /* PostItemView.swift in Sources */ = {isa = PBXBuildFile; fileRef = 1EBA999F2D9C7E6200357DC2 /* PostItemView.swift */; };
		1EBA99A42D9C9A8E00357DC2 /* !!PostListView.swift in Sources */ = {isa = PBXBuildFile; fileRef = 1EBA99A32D9C9A8B00357DC2 /* !!PostListView.swift */; };
		1EBA99A62D9C9C5000357DC2 /* MockPostsViewModel.swift in Sources */ = {isa = PBXBuildFile; fileRef = 1EBA99A52D9C9C4F00357DC2 /* MockPostsViewModel.swift */; };
		1EBA99A82DA18B0B00357DC2 /* CurrentUrlMapper.swift in Sources */ = {isa = PBXBuildFile; fileRef = 1EBA99A72DA18B0700357DC2 /* CurrentUrlMapper.swift */; };
		2152FB042600AC8F00CF470E /* iOSApp.swift in Sources */ = {isa = PBXBuildFile; fileRef = 2152FB032600AC8F00CF470E /* iOSApp.swift */; };
/* End PBXBuildFile section */

/* Begin PBXCopyFilesBuildPhase section */
		7555FFB4242A642300829871 /* Embed Frameworks */ = {
			isa = PBXCopyFilesBuildPhase;
			buildActionMask = 2147483647;
			dstPath = "";
			dstSubfolderSpec = 10;
			files = (
			);
			name = "Embed Frameworks";
			runOnlyForDeploymentPostprocessing = 0;
		};
/* End PBXCopyFilesBuildPhase section */

/* Begin PBXFileReference section */
		058557BA273AAA24004C7B11 /* Assets.xcassets */ = {isa = PBXFileReference; lastKnownFileType = folder.assetcatalog; path = Assets.xcassets; sourceTree = "<group>"; };
		058557D8273AAEEB004C7B11 /* Preview Assets.xcassets */ = {isa = PBXFileReference; lastKnownFileType = folder.assetcatalog; path = "Preview Assets.xcassets"; sourceTree = "<group>"; };
		094959808BA39BF0DD81F14A /* Pods-iosApp.debug.xcconfig */ = {isa = PBXFileReference; includeInIndex = 1; lastKnownFileType = text.xcconfig; name = "Pods-iosApp.debug.xcconfig"; path = "Target Support Files/Pods-iosApp/Pods-iosApp.debug.xcconfig"; sourceTree = "<group>"; };
		1E20A19A2DBD6075006C121F /* ToKotlinByteArray.swift */ = {isa = PBXFileReference; lastKnownFileType = sourcecode.swift; path = ToKotlinByteArray.swift; sourceTree = "<group>"; };
		1E20A19D2DBE6B31006C121F /* CreatePostView.swift */ = {isa = PBXFileReference; lastKnownFileType = sourcecode.swift; path = CreatePostView.swift; sourceTree = "<group>"; };
		1E20A19F2DBE6B3F006C121F /* CreatePostViewModel.swift */ = {isa = PBXFileReference; lastKnownFileType = sourcecode.swift; path = CreatePostViewModel.swift; sourceTree = "<group>"; };
		1E20A1A32DC0277D006C121F /* RootView.swift */ = {isa = PBXFileReference; lastKnownFileType = sourcecode.swift; path = RootView.swift; sourceTree = "<group>"; };
		1E457A2F2DA1D9BA0001A07A /* PostImage.swift */ = {isa = PBXFileReference; lastKnownFileType = sourcecode.swift; path = PostImage.swift; sourceTree = "<group>"; };
		1E457A312DA2ADAB0001A07A /* ProfileImage.swift */ = {isa = PBXFileReference; lastKnownFileType = sourcecode.swift; path = ProfileImage.swift; sourceTree = "<group>"; };
		1E457A342DA2C2300001A07A /* ProfileView.swift */ = {isa = PBXFileReference; lastKnownFileType = sourcecode.swift; path = ProfileView.swift; sourceTree = "<group>"; };
		1E457A362DA2C23C0001A07A /* !!OwnProfileViewModel.swift */ = {isa = PBXFileReference; lastKnownFileType = sourcecode.swift; path = "!!OwnProfileViewModel.swift"; sourceTree = "<group>"; };
		1E457A382DA5D1270001A07A /* ProfileTabView.swift */ = {isa = PBXFileReference; lastKnownFileType = sourcecode.swift; path = ProfileTabView.swift; sourceTree = "<group>"; };
		1E457A3A2DA5D1CE0001A07A /* HomeTabView.swift */ = {isa = PBXFileReference; lastKnownFileType = sourcecode.swift; path = HomeTabView.swift; sourceTree = "<group>"; };
		1E457A3C2DAAA8000001A07A /* PagingManager.swift */ = {isa = PBXFileReference; lastKnownFileType = sourcecode.swift; path = PagingManager.swift; sourceTree = "<group>"; };
		1E457A3E2DAAAC750001A07A /* Constants.swift */ = {isa = PBXFileReference; lastKnownFileType = sourcecode.swift; path = Constants.swift; sourceTree = "<group>"; };
		1E457A422DAADA200001A07A /* UserPostsViewModel.swift */ = {isa = PBXFileReference; lastKnownFileType = sourcecode.swift; path = UserPostsViewModel.swift; sourceTree = "<group>"; };
		1E8A9CD42D91E1F4007E71A8 /* STRUCT.md */ = {isa = PBXFileReference; lastKnownFileType = net.daringfireball.markdown; path = STRUCT.md; sourceTree = "<group>"; };
		1E8A9CD82D920749007E71A8 /* LoginViewModel.swift */ = {isa = PBXFileReference; lastKnownFileType = sourcecode.swift; path = LoginViewModel.swift; sourceTree = "<group>"; };
		1E8A9CDB2D921E27007E71A8 /* LoginView.swift */ = {isa = PBXFileReference; lastKnownFileType = sourcecode.swift; path = LoginView.swift; sourceTree = "<group>"; };
		1EB23BAA2D932096008BD149 /* MockSignInUseCase.swift */ = {isa = PBXFileReference; lastKnownFileType = sourcecode.swift; path = MockSignInUseCase.swift; sourceTree = "<group>"; };
		1EB23BAD2D932D56008BD149 /* HomeScreen.swift */ = {isa = PBXFileReference; lastKnownFileType = sourcecode.swift; path = HomeScreen.swift; sourceTree = "<group>"; };
		1EB36C002DB1760D003AA20A /* UserProfileViewModel.swift */ = {isa = PBXFileReference; lastKnownFileType = sourcecode.swift; path = UserProfileViewModel.swift; sourceTree = "<group>"; };
		1EB36C062DB446BA003AA20A /* EditProfileView.swift */ = {isa = PBXFileReference; lastKnownFileType = sourcecode.swift; path = EditProfileView.swift; sourceTree = "<group>"; };
		1EB36C0A2DB45393003AA20A /* EditProfileViewModel.swift */ = {isa = PBXFileReference; lastKnownFileType = sourcecode.swift; path = EditProfileViewModel.swift; sourceTree = "<group>"; };
		1EB36C0C2DB51768003AA20A /* HideKeyboardOnTap.swift */ = {isa = PBXFileReference; lastKnownFileType = sourcecode.swift; path = HideKeyboardOnTap.swift; sourceTree = "<group>"; };
		1EBA999B2D99E31500357DC2 /* PostsViewModel.swift */ = {isa = PBXFileReference; lastKnownFileType = sourcecode.swift; path = PostsViewModel.swift; sourceTree = "<group>"; };
		1EBA999D2D9C7B0F00357DC2 /* PostHeaderView.swift */ = {isa = PBXFileReference; lastKnownFileType = sourcecode.swift; path = PostHeaderView.swift; sourceTree = "<group>"; };
		1EBA999F2D9C7E6200357DC2 /* PostItemView.swift */ = {isa = PBXFileReference; lastKnownFileType = sourcecode.swift; path = PostItemView.swift; sourceTree = "<group>"; };
		1EBA99A32D9C9A8B00357DC2 /* !!PostListView.swift */ = {isa = PBXFileReference; lastKnownFileType = sourcecode.swift; path = "!!PostListView.swift"; sourceTree = "<group>"; };
		1EBA99A52D9C9C4F00357DC2 /* MockPostsViewModel.swift */ = {isa = PBXFileReference; lastKnownFileType = sourcecode.swift; path = MockPostsViewModel.swift; sourceTree = "<group>"; };
		1EBA99A72DA18B0700357DC2 /* CurrentUrlMapper.swift */ = {isa = PBXFileReference; lastKnownFileType = sourcecode.swift; path = CurrentUrlMapper.swift; sourceTree = "<group>"; };
		2152FB032600AC8F00CF470E /* iOSApp.swift */ = {isa = PBXFileReference; lastKnownFileType = sourcecode.swift; path = iOSApp.swift; sourceTree = "<group>"; };
		7555FF7B242A565900829871 /* iosApp.app */ = {isa = PBXFileReference; explicitFileType = wrapper.application; includeInIndex = 0; path = iosApp.app; sourceTree = BUILT_PRODUCTS_DIR; };
		7555FF8C242A565B00829871 /* Info.plist */ = {isa = PBXFileReference; lastKnownFileType = text.plist.xml; path = Info.plist; sourceTree = "<group>"; };
		B4039203620DDF3970D1D032 /* Pods-iosApp.release.xcconfig */ = {isa = PBXFileReference; includeInIndex = 1; lastKnownFileType = text.xcconfig; name = "Pods-iosApp.release.xcconfig"; path = "Target Support Files/Pods-iosApp/Pods-iosApp.release.xcconfig"; sourceTree = "<group>"; };
		DB41C600D667F78D81C79792 /* Pods_iosApp.framework */ = {isa = PBXFileReference; explicitFileType = wrapper.framework; includeInIndex = 0; path = Pods_iosApp.framework; sourceTree = BUILT_PRODUCTS_DIR; };
/* End PBXFileReference section */

/* Begin PBXFrameworksBuildPhase section */
		7555FF78242A565900829871 /* Frameworks */ = {
			isa = PBXFrameworksBuildPhase;
			buildActionMask = 2147483647;
			files = (
				1B505ACB80BBAF629DB10835 /* Pods_iosApp.framework in Frameworks */,
			);
			runOnlyForDeploymentPostprocessing = 0;
		};
/* End PBXFrameworksBuildPhase section */

/* Begin PBXGroup section */
		058557D7273AAEEB004C7B11 /* Preview Content */ = {
			isa = PBXGroup;
			children = (
				058557D8273AAEEB004C7B11 /* Preview Assets.xcassets */,
			);
			path = "Preview Content";
			sourceTree = "<group>";
		};
		1E20A19C2DBE6A7B006C121F /* CreatePost */ = {
			isa = PBXGroup;
			children = (
				1E20A19F2DBE6B3F006C121F /* CreatePostViewModel.swift */,
				1E20A19D2DBE6B31006C121F /* CreatePostView.swift */,
			);
			path = CreatePost;
			sourceTree = "<group>";
		};
		1E20A1A22DC024CF006C121F /* Root */ = {
			isa = PBXGroup;
			children = (
				1E20A1A32DC0277D006C121F /* RootView.swift */,
			);
			path = Root;
			sourceTree = "<group>";
		};
		1E457A332DA2C2200001A07A /* Account */ = {
			isa = PBXGroup;
			children = (
				1E8A9CCF2D91C6D2007E71A8 /* Auth */,
				1EB36C042DB428F0003AA20A /* Follows */,
				1EB36C032DB428E1003AA20A /* Edit */,
				1EB36C022DB428D3003AA20A /* Profile */,
				1E457A382DA5D1270001A07A /* ProfileTabView.swift */,
			);
			path = Account;
			sourceTree = "<group>";
		};
		1E8A9CC22D918BBF007E71A8 /* Core */ = {
			isa = PBXGroup;
			children = (
				1EB36C052DB42955003AA20A /* trash */,
				1E8A9CC92D91934C007E71A8 /* Extensions */,
				1E8A9CC82D91933D007E71A8 /* DI */,
			);
			path = Core;
			sourceTree = "<group>";
		};
		1E8A9CC32D918BBF007E71A8 /* Data */ = {
			isa = PBXGroup;
			children = (
				1E8A9CCD2D91C6B1007E71A8 /* Repositories */,
			);
			path = Data;
			sourceTree = "<group>";
		};
		1E8A9CC42D918BBF007E71A8 /* Domain */ = {
			isa = PBXGroup;
			children = (
				1EB23BA92D932086008BD149 /* MockUseCase */,
				1E8A9CD22D91C7BC007E71A8 /* UseCases */,
			);
			path = Domain;
			sourceTree = "<group>";
		};
		1E8A9CC52D918C04007E71A8 /* Application */ = {
			isa = PBXGroup;
			children = (
				2152FB032600AC8F00CF470E /* iOSApp.swift */,
			);
			path = Application;
			sourceTree = "<group>";
		};
		1E8A9CC62D918C27007E71A8 /* Presentation */ = {
			isa = PBXGroup;
			children = (
				1E457A332DA2C2200001A07A /* Account */,
				1EB23BAC2D932D48008BD149 /* Home */,
				1E8A9CD12D91C7A7007E71A8 /* Comments */,
				1E8A9CD02D91C798007E71A8 /* Posts */,
				1E8A9CCE2D91C6C7007E71A8 /* Common */,
				1E20A1A22DC024CF006C121F /* Root */,
			);
			path = Presentation;
			sourceTree = "<group>";
		};
		1E8A9CC72D918C3E007E71A8 /* Resources */ = {
			isa = PBXGroup;
			children = (
				058557BA273AAA24004C7B11 /* Assets.xcassets */,
				7555FF8C242A565B00829871 /* Info.plist */,
			);
			path = Resources;
			sourceTree = "<group>";
		};
		1E8A9CC82D91933D007E71A8 /* DI */ = {
			isa = PBXGroup;
			children = (
			);
			path = DI;
			sourceTree = "<group>";
		};
		1E8A9CC92D91934C007E71A8 /* Extensions */ = {
			isa = PBXGroup;
			children = (
				1E20A19A2DBD6075006C121F /* ToKotlinByteArray.swift */,
				1EB36C0C2DB51768003AA20A /* HideKeyboardOnTap.swift */,
				1E457A3E2DAAAC750001A07A /* Constants.swift */,
				1E457A3C2DAAA8000001A07A /* PagingManager.swift */,
				1EBA99A72DA18B0700357DC2 /* CurrentUrlMapper.swift */,
			);
			path = Extensions;
			sourceTree = "<group>";
		};
		1E8A9CCD2D91C6B1007E71A8 /* Repositories */ = {
			isa = PBXGroup;
			children = (
			);
			path = Repositories;
			sourceTree = "<group>";
		};
		1E8A9CCE2D91C6C7007E71A8 /* Common */ = {
			isa = PBXGroup;
			children = (
				1E457A312DA2ADAB0001A07A /* ProfileImage.swift */,
				1E457A2F2DA1D9BA0001A07A /* PostImage.swift */,
				1EBA999D2D9C7B0F00357DC2 /* PostHeaderView.swift */,
			);
			path = Common;
			sourceTree = "<group>";
		};
		1E8A9CCF2D91C6D2007E71A8 /* Auth */ = {
			isa = PBXGroup;
			children = (
				1E8A9CDB2D921E27007E71A8 /* LoginView.swift */,
				1E8A9CD82D920749007E71A8 /* LoginViewModel.swift */,
			);
			path = Auth;
			sourceTree = "<group>";
		};
		1E8A9CD02D91C798007E71A8 /* Posts */ = {
			isa = PBXGroup;
			children = (
				1E20A19C2DBE6A7B006C121F /* CreatePost */,
				1EBA999B2D99E31500357DC2 /* PostsViewModel.swift */,
				1EBA999F2D9C7E6200357DC2 /* PostItemView.swift */,
			);
			path = Posts;
			sourceTree = "<group>";
		};
		1E8A9CD12D91C7A7007E71A8 /* Comments */ = {
			isa = PBXGroup;
			children = (
			);
			path = Comments;
			sourceTree = "<group>";
		};
		1E8A9CD22D91C7BC007E71A8 /* UseCases */ = {
			isa = PBXGroup;
			children = (
			);
			path = UseCases;
			sourceTree = "<group>";
		};
		1E8A9CD32D91E1D7007E71A8 /* Documents */ = {
			isa = PBXGroup;
			children = (
				1E8A9CD42D91E1F4007E71A8 /* STRUCT.md */,
			);
			path = Documents;
			sourceTree = "<group>";
		};
		1EB23BA92D932086008BD149 /* MockUseCase */ = {
			isa = PBXGroup;
			children = (
				1EBA99A52D9C9C4F00357DC2 /* MockPostsViewModel.swift */,
				1EB23BAA2D932096008BD149 /* MockSignInUseCase.swift */,
			);
			path = MockUseCase;
			sourceTree = "<group>";
		};
		1EB23BAC2D932D48008BD149 /* Home */ = {
			isa = PBXGroup;
			children = (
				1E457A3A2DA5D1CE0001A07A /* HomeTabView.swift */,
				1EB23BAD2D932D56008BD149 /* HomeScreen.swift */,
			);
			path = Home;
			sourceTree = "<group>";
		};
		1EB36C022DB428D3003AA20A /* Profile */ = {
			isa = PBXGroup;
			children = (
				1EB36C002DB1760D003AA20A /* UserProfileViewModel.swift */,
				1E457A422DAADA200001A07A /* UserPostsViewModel.swift */,
				1E457A342DA2C2300001A07A /* ProfileView.swift */,
			);
			path = Profile;
			sourceTree = "<group>";
		};
		1EB36C032DB428E1003AA20A /* Edit */ = {
			isa = PBXGroup;
			children = (
				1EB36C0A2DB45393003AA20A /* EditProfileViewModel.swift */,
				1EB36C062DB446BA003AA20A /* EditProfileView.swift */,
			);
			path = Edit;
			sourceTree = "<group>";
		};
		1EB36C042DB428F0003AA20A /* Follows */ = {
			isa = PBXGroup;
			children = (
			);
			path = Follows;
			sourceTree = "<group>";
		};
		1EB36C052DB42955003AA20A /* trash */ = {
			isa = PBXGroup;
			children = (
				1E457A362DA2C23C0001A07A /* !!OwnProfileViewModel.swift */,
				1EBA99A32D9C9A8B00357DC2 /* !!PostListView.swift */,
			);
			path = trash;
			sourceTree = "<group>";
		};
		7555FF72242A565900829871 = {
			isa = PBXGroup;
			children = (
				1E8A9CD32D91E1D7007E71A8 /* Documents */,
				7555FF7D242A565900829871 /* iosApp */,
				7555FF7C242A565900829871 /* Products */,
				E04630EB5BE12FD7E13362EC /* Pods */,
				95834FCB1570DDDF535A75CD /* Frameworks */,
			);
			sourceTree = "<group>";
		};
		7555FF7C242A565900829871 /* Products */ = {
			isa = PBXGroup;
			children = (
				7555FF7B242A565900829871 /* iosApp.app */,
			);
			name = Products;
			sourceTree = "<group>";
		};
		7555FF7D242A565900829871 /* iosApp */ = {
			isa = PBXGroup;
			children = (
				1E8A9CC62D918C27007E71A8 /* Presentation */,
				1E8A9CC32D918BBF007E71A8 /* Data */,
				1E8A9CC42D918BBF007E71A8 /* Domain */,
				058557D7273AAEEB004C7B11 /* Preview Content */,
				1E8A9CC52D918C04007E71A8 /* Application */,
				1E8A9CC22D918BBF007E71A8 /* Core */,
				1E8A9CC72D918C3E007E71A8 /* Resources */,
			);
			path = iosApp;
			sourceTree = "<group>";
		};
		95834FCB1570DDDF535A75CD /* Frameworks */ = {
			isa = PBXGroup;
			children = (
				DB41C600D667F78D81C79792 /* Pods_iosApp.framework */,
			);
			name = Frameworks;
			sourceTree = "<group>";
		};
		E04630EB5BE12FD7E13362EC /* Pods */ = {
			isa = PBXGroup;
			children = (
				094959808BA39BF0DD81F14A /* Pods-iosApp.debug.xcconfig */,
				B4039203620DDF3970D1D032 /* Pods-iosApp.release.xcconfig */,
			);
			path = Pods;
			sourceTree = "<group>";
		};
/* End PBXGroup section */

/* Begin PBXNativeTarget section */
		7555FF7A242A565900829871 /* iosApp */ = {
			isa = PBXNativeTarget;
			buildConfigurationList = 7555FFA5242A565B00829871 /* Build configuration list for PBXNativeTarget "iosApp" */;
			buildPhases = (
				F144F4E627F12EAD6F888C2D /* [CP] Check Pods Manifest.lock */,
				7555FFB5242A651A00829871 /* ShellScript */,
				7555FF77242A565900829871 /* Sources */,
				7555FF78242A565900829871 /* Frameworks */,
				7555FF79242A565900829871 /* Resources */,
				7555FFB4242A642300829871 /* Embed Frameworks */,
				AD5C4DA468508F84AAE4C5C0 /* [CP] Embed Pods Frameworks */,
			);
			buildRules = (
			);
			dependencies = (
			);
			name = iosApp;
			productName = iosApp;
			productReference = 7555FF7B242A565900829871 /* iosApp.app */;
			productType = "com.apple.product-type.application";
		};
/* End PBXNativeTarget section */

/* Begin PBXProject section */
		7555FF73242A565900829871 /* Project object */ = {
			isa = PBXProject;
			attributes = {
				LastSwiftUpdateCheck = 1130;
				LastUpgradeCheck = 1130;
				ORGANIZATIONNAME = orgName;
				TargetAttributes = {
					7555FF7A242A565900829871 = {
						CreatedOnToolsVersion = 11.3.1;
					};
				};
			};
			buildConfigurationList = 7555FF76242A565900829871 /* Build configuration list for PBXProject "iosApp" */;
			compatibilityVersion = "Xcode 9.3";
			developmentRegion = en;
			hasScannedForEncodings = 0;
			knownRegions = (
				en,
				Base,
			);
			mainGroup = 7555FF72242A565900829871;
			productRefGroup = 7555FF7C242A565900829871 /* Products */;
			projectDirPath = "";
			projectRoot = "";
			targets = (
				7555FF7A242A565900829871 /* iosApp */,
			);
		};
/* End PBXProject section */

/* Begin PBXResourcesBuildPhase section */
		7555FF79242A565900829871 /* Resources */ = {
			isa = PBXResourcesBuildPhase;
			buildActionMask = 2147483647;
			files = (
				058557D9273AAEEB004C7B11 /* Preview Assets.xcassets in Resources */,
				058557BB273AAA24004C7B11 /* Assets.xcassets in Resources */,
			);
			runOnlyForDeploymentPostprocessing = 0;
		};
/* End PBXResourcesBuildPhase section */

/* Begin PBXShellScriptBuildPhase section */
		7555FFB5242A651A00829871 /* ShellScript */ = {
			isa = PBXShellScriptBuildPhase;
			buildActionMask = 2147483647;
			files = (
			);
			inputFileListPaths = (
			);
			inputPaths = (
			);
			outputFileListPaths = (
			);
			outputPaths = (
			);
			runOnlyForDeploymentPostprocessing = 0;
			shellPath = /bin/sh;
			shellScript = "cd \"$SRCROOT/..\"\n./gradlew :shared:embedAndSignAppleFrameworkForXcode\n";
		};
		AD5C4DA468508F84AAE4C5C0 /* [CP] Embed Pods Frameworks */ = {
			isa = PBXShellScriptBuildPhase;
			buildActionMask = 2147483647;
			files = (
			);
			inputFileListPaths = (
				"${PODS_ROOT}/Target Support Files/Pods-iosApp/Pods-iosApp-frameworks-${CONFIGURATION}-input-files.xcfilelist",
			);
			name = "[CP] Embed Pods Frameworks";
			outputFileListPaths = (
				"${PODS_ROOT}/Target Support Files/Pods-iosApp/Pods-iosApp-frameworks-${CONFIGURATION}-output-files.xcfilelist",
			);
			runOnlyForDeploymentPostprocessing = 0;
			shellPath = /bin/sh;
			shellScript = "\"${PODS_ROOT}/Target Support Files/Pods-iosApp/Pods-iosApp-frameworks.sh\"\n";
			showEnvVarsInLog = 0;
		};
		F144F4E627F12EAD6F888C2D /* [CP] Check Pods Manifest.lock */ = {
			isa = PBXShellScriptBuildPhase;
			buildActionMask = 2147483647;
			files = (
			);
			inputFileListPaths = (
			);
			inputPaths = (
				"${PODS_PODFILE_DIR_PATH}/Podfile.lock",
				"${PODS_ROOT}/Manifest.lock",
			);
			name = "[CP] Check Pods Manifest.lock";
			outputFileListPaths = (
			);
			outputPaths = (
				"$(DERIVED_FILE_DIR)/Pods-iosApp-checkManifestLockResult.txt",
			);
			runOnlyForDeploymentPostprocessing = 0;
			shellPath = /bin/sh;
			shellScript = "diff \"${PODS_PODFILE_DIR_PATH}/Podfile.lock\" \"${PODS_ROOT}/Manifest.lock\" > /dev/null\nif [ $? != 0 ] ; then\n    # print error to STDERR\n    echo \"error: The sandbox is not in sync with the Podfile.lock. Run 'pod install' or update your CocoaPods installation.\" >&2\n    exit 1\nfi\n# This output is used by Xcode 'outputs' to avoid re-running this script phase.\necho \"SUCCESS\" > \"${SCRIPT_OUTPUT_FILE_0}\"\n";
			showEnvVarsInLog = 0;
		};
/* End PBXShellScriptBuildPhase section */

/* Begin PBXSourcesBuildPhase section */
		7555FF77242A565900829871 /* Sources */ = {
			isa = PBXSourcesBuildPhase;
			buildActionMask = 2147483647;
			files = (
				1E20A19B2DBD608B006C121F /* ToKotlinByteArray.swift in Sources */,
				1E8A9CD92D92074B007E71A8 /* LoginViewModel.swift in Sources */,
				1E20A19E2DBE6B37006C121F /* CreatePostView.swift in Sources */,
				1E457A3D2DAAA8010001A07A /* PagingManager.swift in Sources */,
				1E20A1A42DC0278C006C121F /* RootView.swift in Sources */,
				1E457A432DAADA2A0001A07A /* UserPostsViewModel.swift in Sources */,
				1EBA999E2D9C7B1900357DC2 /* PostHeaderView.swift in Sources */,
				1EB23BAB2D93209C008BD149 /* MockSignInUseCase.swift in Sources */,
				1EB36C012DB17613003AA20A /* UserProfileViewModel.swift in Sources */,
				1E457A3B2DA5D1D00001A07A /* HomeTabView.swift in Sources */,
				1EBA99A62D9C9C5000357DC2 /* MockPostsViewModel.swift in Sources */,
				1EBA999C2D99E31C00357DC2 /* PostsViewModel.swift in Sources */,
				1EBA99A42D9C9A8E00357DC2 /* !!PostListView.swift in Sources */,
				1EBA99A82DA18B0B00357DC2 /* CurrentUrlMapper.swift in Sources */,
				1EB36C0B2DB45395003AA20A /* EditProfileViewModel.swift in Sources */,
				1E457A352DA2C2390001A07A /* ProfileView.swift in Sources */,
				1E457A392DA5D12A0001A07A /* ProfileTabView.swift in Sources */,
				1EB23BAE2D932D57008BD149 /* HomeScreen.swift in Sources */,
				1E20A1A02DBE6B40006C121F /* CreatePostViewModel.swift in Sources */,
				1EB36C072DB446BB003AA20A /* EditProfileView.swift in Sources */,
				2152FB042600AC8F00CF470E /* iOSApp.swift in Sources */,
				1E457A322DA2ADAD0001A07A /* ProfileImage.swift in Sources */,
				1E8A9CDC2D921E29007E71A8 /* LoginView.swift in Sources */,
				1E457A3F2DAAAC7A0001A07A /* Constants.swift in Sources */,
				1E457A302DA1D9BE0001A07A /* PostImage.swift in Sources */,
				1EBA99A02D9C7E6400357DC2 /* PostItemView.swift in Sources */,
				1E457A372DA2C23E0001A07A /* !!OwnProfileViewModel.swift in Sources */,
				1EB36C0D2DB5176F003AA20A /* HideKeyboardOnTap.swift in Sources */,
			);
			runOnlyForDeploymentPostprocessing = 0;
		};
/* End PBXSourcesBuildPhase section */

/* Begin XCBuildConfiguration section */
		7555FFA3242A565B00829871 /* Debug */ = {
			isa = XCBuildConfiguration;
			buildSettings = {
				ALWAYS_SEARCH_USER_PATHS = NO;
				CLANG_ANALYZER_NONNULL = YES;
				CLANG_ANALYZER_NUMBER_OBJECT_CONVERSION = YES_AGGRESSIVE;
				CLANG_CXX_LANGUAGE_STANDARD = "gnu++14";
				CLANG_CXX_LIBRARY = "libc++";
				CLANG_ENABLE_MODULES = YES;
				CLANG_ENABLE_OBJC_ARC = YES;
				CLANG_ENABLE_OBJC_WEAK = YES;
				CLANG_WARN_BLOCK_CAPTURE_AUTORELEASING = YES;
				CLANG_WARN_BOOL_CONVERSION = YES;
				CLANG_WARN_COMMA = YES;
				CLANG_WARN_CONSTANT_CONVERSION = YES;
				CLANG_WARN_DEPRECATED_OBJC_IMPLEMENTATIONS = YES;
				CLANG_WARN_DIRECT_OBJC_ISA_USAGE = YES_ERROR;
				CLANG_WARN_DOCUMENTATION_COMMENTS = YES;
				CLANG_WARN_EMPTY_BODY = YES;
				CLANG_WARN_ENUM_CONVERSION = YES;
				CLANG_WARN_INFINITE_RECURSION = YES;
				CLANG_WARN_INT_CONVERSION = YES;
				CLANG_WARN_NON_LITERAL_NULL_CONVERSION = YES;
				CLANG_WARN_OBJC_IMPLICIT_RETAIN_SELF = YES;
				CLANG_WARN_OBJC_LITERAL_CONVERSION = YES;
				CLANG_WARN_OBJC_ROOT_CLASS = YES_ERROR;
				CLANG_WARN_QUOTED_INCLUDE_IN_FRAMEWORK_HEADER = YES;
				CLANG_WARN_RANGE_LOOP_ANALYSIS = YES;
				CLANG_WARN_STRICT_PROTOTYPES = YES;
				CLANG_WARN_SUSPICIOUS_MOVE = YES;
				CLANG_WARN_UNGUARDED_AVAILABILITY = YES_AGGRESSIVE;
				CLANG_WARN_UNREACHABLE_CODE = YES;
				CLANG_WARN__DUPLICATE_METHOD_MATCH = YES;
				COPY_PHASE_STRIP = NO;
				DEBUG_INFORMATION_FORMAT = "dwarf-with-dsym";
				ENABLE_STRICT_OBJC_MSGSEND = YES;
				ENABLE_TESTABILITY = YES;
				GCC_C_LANGUAGE_STANDARD = gnu11;
				GCC_DYNAMIC_NO_PIC = NO;
				GCC_NO_COMMON_BLOCKS = YES;
				GCC_OPTIMIZATION_LEVEL = 0;
				GCC_PREPROCESSOR_DEFINITIONS = (
					"DEBUG=1",
					"$(inherited)",
				);
				GCC_WARN_64_TO_32_BIT_CONVERSION = YES;
				GCC_WARN_ABOUT_RETURN_TYPE = YES_ERROR;
				GCC_WARN_UNDECLARED_SELECTOR = YES;
				GCC_WARN_UNINITIALIZED_AUTOS = YES_AGGRESSIVE;
				GCC_WARN_UNUSED_FUNCTION = YES;
				GCC_WARN_UNUSED_VARIABLE = YES;
				IPHONEOS_DEPLOYMENT_TARGET = 14.1;
				MTL_ENABLE_DEBUG_INFO = INCLUDE_SOURCE;
				MTL_FAST_MATH = YES;
				ONLY_ACTIVE_ARCH = YES;
				SDKROOT = iphoneos;
				SWIFT_ACTIVE_COMPILATION_CONDITIONS = DEBUG;
				SWIFT_OPTIMIZATION_LEVEL = "-Onone";
			};
			name = Debug;
		};
		7555FFA4242A565B00829871 /* Release */ = {
			isa = XCBuildConfiguration;
			buildSettings = {
				ALWAYS_SEARCH_USER_PATHS = NO;
				CLANG_ANALYZER_NONNULL = YES;
				CLANG_ANALYZER_NUMBER_OBJECT_CONVERSION = YES_AGGRESSIVE;
				CLANG_CXX_LANGUAGE_STANDARD = "gnu++14";
				CLANG_CXX_LIBRARY = "libc++";
				CLANG_ENABLE_MODULES = YES;
				CLANG_ENABLE_OBJC_ARC = YES;
				CLANG_ENABLE_OBJC_WEAK = YES;
				CLANG_WARN_BLOCK_CAPTURE_AUTORELEASING = YES;
				CLANG_WARN_BOOL_CONVERSION = YES;
				CLANG_WARN_COMMA = YES;
				CLANG_WARN_CONSTANT_CONVERSION = YES;
				CLANG_WARN_DEPRECATED_OBJC_IMPLEMENTATIONS = YES;
				CLANG_WARN_DIRECT_OBJC_ISA_USAGE = YES_ERROR;
				CLANG_WARN_DOCUMENTATION_COMMENTS = YES;
				CLANG_WARN_EMPTY_BODY = YES;
				CLANG_WARN_ENUM_CONVERSION = YES;
				CLANG_WARN_INFINITE_RECURSION = YES;
				CLANG_WARN_INT_CONVERSION = YES;
				CLANG_WARN_NON_LITERAL_NULL_CONVERSION = YES;
				CLANG_WARN_OBJC_IMPLICIT_RETAIN_SELF = YES;
				CLANG_WARN_OBJC_LITERAL_CONVERSION = YES;
				CLANG_WARN_OBJC_ROOT_CLASS = YES_ERROR;
				CLANG_WARN_QUOTED_INCLUDE_IN_FRAMEWORK_HEADER = YES;
				CLANG_WARN_RANGE_LOOP_ANALYSIS = YES;
				CLANG_WARN_STRICT_PROTOTYPES = YES;
				CLANG_WARN_SUSPICIOUS_MOVE = YES;
				CLANG_WARN_UNGUARDED_AVAILABILITY = YES_AGGRESSIVE;
				CLANG_WARN_UNREACHABLE_CODE = YES;
				CLANG_WARN__DUPLICATE_METHOD_MATCH = YES;
				COPY_PHASE_STRIP = NO;
				DEBUG_INFORMATION_FORMAT = "dwarf-with-dsym";
				ENABLE_NS_ASSERTIONS = NO;
				ENABLE_STRICT_OBJC_MSGSEND = YES;
				GCC_C_LANGUAGE_STANDARD = gnu11;
				GCC_NO_COMMON_BLOCKS = YES;
				GCC_WARN_64_TO_32_BIT_CONVERSION = YES;
				GCC_WARN_ABOUT_RETURN_TYPE = YES_ERROR;
				GCC_WARN_UNDECLARED_SELECTOR = YES;
				GCC_WARN_UNINITIALIZED_AUTOS = YES_AGGRESSIVE;
				GCC_WARN_UNUSED_FUNCTION = YES;
				GCC_WARN_UNUSED_VARIABLE = YES;
				IPHONEOS_DEPLOYMENT_TARGET = 14.1;
				MTL_ENABLE_DEBUG_INFO = NO;
				MTL_FAST_MATH = YES;
				SDKROOT = iphoneos;
				SWIFT_COMPILATION_MODE = wholemodule;
				SWIFT_OPTIMIZATION_LEVEL = "-O";
				VALIDATE_PRODUCT = YES;
			};
			name = Release;
		};
		7555FFA6242A565B00829871 /* Debug */ = {
			isa = XCBuildConfiguration;
			baseConfigurationReference = 094959808BA39BF0DD81F14A /* Pods-iosApp.debug.xcconfig */;
			buildSettings = {
				ASSETCATALOG_COMPILER_APPICON_NAME = AppIcon;
				CODE_SIGN_IDENTITY = "Apple Development";
				CODE_SIGN_STYLE = Automatic;
				CURRENT_PROJECT_VERSION = 1;
				DEVELOPMENT_ASSET_PATHS = "\"iosApp/Preview Content\"";
				DEVELOPMENT_TEAM = XBKSHH4PSJ;
				ENABLE_PREVIEWS = YES;
				FRAMEWORK_SEARCH_PATHS = (
					"$(inherited)",
					"$(SRCROOT)/../shared/build/xcode-frameworks/$(CONFIGURATION)/$(SDK_NAME)",
				);
				INFOPLIST_FILE = iosApp/Resources/Info.plist;
				INFOPLIST_KEY_CFBundleDisplayName = "Social App";
				INFOPLIST_KEY_LSApplicationCategoryType = "public.app-category.social-networking";
				IPHONEOS_DEPLOYMENT_TARGET = 16.0;
				LD_RUNPATH_SEARCH_PATHS = (
					"$(inherited)",
					"@executable_path/Frameworks",
				);
				MARKETING_VERSION = 1;
				OTHER_LDFLAGS = (
					"$(inherited)",
					"-framework",
					shared,
				);
				PRODUCT_BUNDLE_IDENTIFIER = "--BUNDLE-ID33---TEAM-ID33-";
				PRODUCT_NAME = "$(TARGET_NAME)";
				PROVISIONING_PROFILE_SPECIFIER = "";
				SWIFT_VERSION = 5.0;
				TARGETED_DEVICE_FAMILY = "1,2";
			};
			name = Debug;
		};
		7555FFA7242A565B00829871 /* Release */ = {
			isa = XCBuildConfiguration;
			baseConfigurationReference = B4039203620DDF3970D1D032 /* Pods-iosApp.release.xcconfig */;
			buildSettings = {
				ASSETCATALOG_COMPILER_APPICON_NAME = AppIcon;
				CODE_SIGN_IDENTITY = "Apple Development";
				CODE_SIGN_STYLE = Automatic;
				CURRENT_PROJECT_VERSION = 1;
				DEVELOPMENT_ASSET_PATHS = "\"iosApp/Preview Content\"";
				DEVELOPMENT_TEAM = XBKSHH4PSJ;
				ENABLE_PREVIEWS = YES;
				FRAMEWORK_SEARCH_PATHS = (
					"$(inherited)",
					"$(SRCROOT)/../shared/build/xcode-frameworks/$(CONFIGURATION)/$(SDK_NAME)",
				);
				INFOPLIST_FILE = iosApp/Resources/Info.plist;
				INFOPLIST_KEY_CFBundleDisplayName = "Social App";
				INFOPLIST_KEY_LSApplicationCategoryType = "public.app-category.social-networking";
				IPHONEOS_DEPLOYMENT_TARGET = 16.0;
				LD_RUNPATH_SEARCH_PATHS = (
					"$(inherited)",
					"@executable_path/Frameworks",
				);
				MARKETING_VERSION = 1;
				OTHER_LDFLAGS = (
					"$(inherited)",
					"-framework",
					shared,
				);
				PRODUCT_BUNDLE_IDENTIFIER = "--BUNDLE-ID33---TEAM-ID33-";
				PRODUCT_NAME = "$(TARGET_NAME)";
				PROVISIONING_PROFILE_SPECIFIER = "";
				SWIFT_VERSION = 5.0;
				TARGETED_DEVICE_FAMILY = "1,2";
			};
			name = Release;
		};
/* End XCBuildConfiguration section */

/* Begin XCConfigurationList section */
		7555FF76242A565900829871 /* Build configuration list for PBXProject "iosApp" */ = {
			isa = XCConfigurationList;
			buildConfigurations = (
				7555FFA3242A565B00829871 /* Debug */,
				7555FFA4242A565B00829871 /* Release */,
			);
			defaultConfigurationIsVisible = 0;
			defaultConfigurationName = Release;
		};
		7555FFA5242A565B00829871 /* Build configuration list for PBXNativeTarget "iosApp" */ = {
			isa = XCConfigurationList;
			buildConfigurations = (
				7555FFA6242A565B00829871 /* Debug */,
				7555FFA7242A565B00829871 /* Release */,
			);
			defaultConfigurationIsVisible = 0;
			defaultConfigurationName = Release;
		};
/* End XCConfigurationList section */
	};
	rootObject = 7555FF73242A565900829871 /* Project object */;
}
